// !$*UTF8*$!
{
	archiveVersion = 1;
	classes = {
	};
	objectVersion = 46;
	objects = {

/* Begin PBXBuildFile section */
		6A3D769F1D5FA182007B5499 /* AppDelegate.swift in Sources */ = {isa = PBXBuildFile; fileRef = 6A3D769E1D5FA182007B5499 /* AppDelegate.swift */; };
		6A3D76A11D5FA182007B5499 /* ViewController.swift in Sources */ = {isa = PBXBuildFile; fileRef = 6A3D76A01D5FA182007B5499 /* ViewController.swift */; };
		6A3D76A41D5FA182007B5499 /* Main.storyboard in Resources */ = {isa = PBXBuildFile; fileRef = 6A3D76A21D5FA182007B5499 /* Main.storyboard */; };
		6A3D76A61D5FA182007B5499 /* Assets.xcassets in Resources */ = {isa = PBXBuildFile; fileRef = 6A3D76A51D5FA182007B5499 /* Assets.xcassets */; };
		6A3D76A91D5FA182007B5499 /* LaunchScreen.storyboard in Resources */ = {isa = PBXBuildFile; fileRef = 6A3D76A71D5FA182007B5499 /* LaunchScreen.storyboard */; };
		6A3D76B11D5FA47C007B5499 /* pokemon.csv in Resources */ = {isa = PBXBuildFile; fileRef = 6A3D76B01D5FA47C007B5499 /* pokemon.csv */; };
/* End PBXBuildFile section */

/* Begin PBXFileReference section */
		6A3D769B1D5FA182007B5499 /* pokedex-by-Khoi.app */ = {isa = PBXFileReference; explicitFileType = wrapper.application; includeInIndex = 0; path = "pokedex-by-Khoi.app"; sourceTree = BUILT_PRODUCTS_DIR; };
		6A3D769E1D5FA182007B5499 /* AppDelegate.swift */ = {isa = PBXFileReference; lastKnownFileType = sourcecode.swift; path = AppDelegate.swift; sourceTree = "<group>"; };
		6A3D76A01D5FA182007B5499 /* ViewController.swift */ = {isa = PBXFileReference; lastKnownFileType = sourcecode.swift; path = ViewController.swift; sourceTree = "<group>"; };
		6A3D76A31D5FA182007B5499 /* Base */ = {isa = PBXFileReference; lastKnownFileType = file.storyboard; name = Base; path = Base.lproj/Main.storyboard; sourceTree = "<group>"; };
		6A3D76A51D5FA182007B5499 /* Assets.xcassets */ = {isa = PBXFileReference; lastKnownFileType = folder.assetcatalog; path = Assets.xcassets; sourceTree = "<group>"; };
		6A3D76A81D5FA182007B5499 /* Base */ = {isa = PBXFileReference; lastKnownFileType = file.storyboard; name = Base; path = Base.lproj/LaunchScreen.storyboard; sourceTree = "<group>"; };
		6A3D76AA1D5FA182007B5499 /* Info.plist */ = {isa = PBXFileReference; lastKnownFileType = text.plist.xml; path = Info.plist; sourceTree = "<group>"; };
		6A3D76B01D5FA47C007B5499 /* pokemon.csv */ = {isa = PBXFileReference; fileEncoding = 4; lastKnownFileType = text; path = pokemon.csv; sourceTree = "<group>"; };
/* End PBXFileReference section */

/* Begin PBXFrameworksBuildPhase section */
		6A3D76981D5FA182007B5499 /* Frameworks */ = {
			isa = PBXFrameworksBuildPhase;
			buildActionMask = 2147483647;
			files = (
			);
			runOnlyForDeploymentPostprocessing = 0;
		};
/* End PBXFrameworksBuildPhase section */

/* Begin PBXGroup section */
		6A3D76921D5FA182007B5499 = {
			isa = PBXGroup;
			children = (
				6A3D769D1D5FA182007B5499 /* pokedex-by-Khoi */,
				6A3D769C1D5FA182007B5499 /* Products */,
			);
			sourceTree = "<group>";
		};
		6A3D769C1D5FA182007B5499 /* Products */ = {
			isa = PBXGroup;
			children = (
				6A3D769B1D5FA182007B5499 /* pokedex-by-Khoi.app */,
			);
			name = Products;
			sourceTree = "<group>";
		};
		6A3D769D1D5FA182007B5499 /* pokedex-by-Khoi */ = {
			isa = PBXGroup;
			children = (
				6A3D769E1D5FA182007B5499 /* AppDelegate.swift */,
				6A3D76A01D5FA182007B5499 /* ViewController.swift */,
				6A3D76A21D5FA182007B5499 /* Main.storyboard */,
				6A3D76A51D5FA182007B5499 /* Assets.xcassets */,
				6A3D76B01D5FA47C007B5499 /* pokemon.csv */,
				6A3D76A71D5FA182007B5499 /* LaunchScreen.storyboard */,
				6A3D76AA1D5FA182007B5499 /* Info.plist */,
			);
			path = "pokedex-by-Khoi";
			sourceTree = "<group>";
		};
/* End PBXGroup section */

/* Begin PBXNativeTarget section */
		6A3D769A1D5FA182007B5499 /* pokedex-by-Khoi */ = {
			isa = PBXNativeTarget;
			buildConfigurationList = 6A3D76AD1D5FA182007B5499 /* Build configuration list for PBXNativeTarget "pokedex-by-Khoi" */;
			buildPhases = (
				6A3D76971D5FA182007B5499 /* Sources */,
				6A3D76981D5FA182007B5499 /* Frameworks */,
				6A3D76991D5FA182007B5499 /* Resources */,
			);
			buildRules = (
			);
			dependencies = (
			);
			name = "pokedex-by-Khoi";
			productName = "pokedex-by-Khoi";
			productReference = 6A3D769B1D5FA182007B5499 /* pokedex-by-Khoi.app */;
			productType = "com.apple.product-type.application";
		};
/* End PBXNativeTarget section */

/* Begin PBXProject section */
		6A3D76931D5FA182007B5499 /* Project object */ = {
			isa = PBXProject;
			attributes = {
				LastSwiftUpdateCheck = 0730;
				LastUpgradeCheck = 0730;
				ORGANIZATIONNAME = "Khoi Nguyen";
				TargetAttributes = {
					6A3D769A1D5FA182007B5499 = {
						CreatedOnToolsVersion = 7.3.1;
					};
				};
			};
			buildConfigurationList = 6A3D76961D5FA182007B5499 /* Build configuration list for PBXProject "pokedex-by-Khoi" */;
			compatibilityVersion = "Xcode 3.2";
			developmentRegion = English;
			hasScannedForEncodings = 0;
			knownRegions = (
				en,
				Base,
			);
			mainGroup = 6A3D76921D5FA182007B5499;
			productRefGroup = 6A3D769C1D5FA182007B5499 /* Products */;
			projectDirPath = "";
			projectRoot = "";
			targets = (
				6A3D769A1D5FA182007B5499 /* pokedex-by-Khoi */,
			);
		};
/* End PBXProject section */

/* Begin PBXResourcesBuildPhase section */
		6A3D76991D5FA182007B5499 /* Resources */ = {
			isa = PBXResourcesBuildPhase;
			buildActionMask = 2147483647;
			files = (
				6A3D76A91D5FA182007B5499 /* LaunchScreen.storyboard in Resources */,
				6A3D76A61D5FA182007B5499 /* Assets.xcassets in Resources */,
				6A3D76B11D5FA47C007B5499 /* pokemon.csv in Resources */,
				6A3D76A41D5FA182007B5499 /* Main.storyboard in Resources */,
			);
			runOnlyForDeploymentPostprocessing = 0;
		};
/* End PBXResourcesBuildPhase section */

/* Begin PBXSourcesBuildPhase section */
		6A3D76971D5FA182007B5499 /* Sources */ = {
			isa = PBXSourcesBuildPhase;
			buildActionMask = 2147483647;
			files = (
				6A3D76A11D5FA182007B5499 /* ViewController.swift in Sources */,
				6A3D769F1D5FA182007B5499 /* AppDelegate.swift in Sources */,
			);
			runOnlyForDeploymentPostprocessing = 0;
		};
/* End PBXSourcesBuildPhase section */

/* Begin PBXVariantGroup section */
		6A3D76A21D5FA182007B5499 /* Main.storyboard */ = {
			isa = PBXVariantGroup;
			children = (
				6A3D76A31D5FA182007B5499 /* Base */,
			);
			name = Main.storyboard;
			sourceTree = "<group>";
		};
		6A3D76A71D5FA182007B5499 /* LaunchScreen.storyboard */ = {
			isa = PBXVariantGroup;
			children = (
				6A3D76A81D5FA182007B5499 /* Base */,
			);
			name = LaunchScreen.storyboard;
			sourceTree = "<group>";
		};
/* End PBXVariantGroup section */

/* Begin XCBuildConfiguration section */
		6A3D76AB1D5FA182007B5499 /* Debug */ = {
			isa = XCBuildConfiguration;
			buildSettings = {
				ALWAYS_SEARCH_USER_PATHS = NO;
				CLANG_ANALYZER_NONNULL = YES;
				CLANG_CXX_LANGUAGE_STANDARD = "gnu++0x";
				CLANG_CXX_LIBRARY = "libc++";
				CLANG_ENABLE_MODULES = YES;
				CLANG_ENABLE_OBJC_ARC = YES;
				CLANG_WARN_BOOL_CONVERSION = YES;
				CLANG_WARN_CONSTANT_CONVERSION = YES;
				CLANG_WARN_DIRECT_OBJC_ISA_USAGE = YES_ERROR;
				CLANG_WARN_EMPTY_BODY = YES;
				CLANG_WARN_ENUM_CONVERSION = YES;
				CLANG_WARN_INT_CONVERSION = YES;
				CLANG_WARN_OBJC_ROOT_CLASS = YES_ERROR;
				CLANG_WARN_UNREACHABLE_CODE = YES;
				CLANG_WARN__DUPLICATE_METHOD_MATCH = YES;
				"CODE_SIGN_IDENTITY[sdk=iphoneos*]" = "iPhone Developer";
				COPY_PHASE_STRIP = NO;
				DEBUG_INFORMATION_FORMAT = dwarf;
				ENABLE_STRICT_OBJC_MSGSEND = YES;
				ENABLE_TESTABILITY = YES;
				GCC_C_LANGUAGE_STANDARD = gnu99;
				GCC_DYNAMIC_NO_PIC = NO;
				GCC_NO_COMMON_BLOCKS = YES;
				GCC_OPTIMIZATION_LEVEL = 0;
				GCC_PREPROCESSOR_DEFINITIONS = (
					"DEBUG=1",
					"$(inherited)",
				);
				GCC_WARN_64_TO_32_BIT_CONVERSION = YES;
				GCC_WARN_ABOUT_RETURN_TYPE = YES_ERROR;
				GCC_WARN_UNDECLARED_SELECTOR = YES;
				GCC_WARN_UNINITIALIZED_AUTOS = YES_AGGRESSIVE;
				GCC_WARN_UNUSED_FUNCTION = YES;
				GCC_WARN_UNUSED_VARIABLE = YES;
				IPHONEOS_DEPLOYMENT_TARGET = 9.3;
				MTL_ENABLE_DEBUG_INFO = YES;
				ONLY_ACTIVE_ARCH = YES;
				SDKROOT = iphoneos;
				SWIFT_OPTIMIZATION_LEVEL = "-Onone";
				TARGETED_DEVICE_FAMILY = "1,2";
			};
			name = Debug;
		};
		6A3D76AC1D5FA182007B5499 /* Release */ = {
			isa = XCBuildConfiguration;
			buildSettings = {
				ALWAYS_SEARCH_USER_PATHS = NO;
				CLANG_ANALYZER_NONNULL = YES;
				CLANG_CXX_LANGUAGE_STANDARD = "gnu++0x";
				CLANG_CXX_LIBRARY = "libc++";
				CLANG_ENABLE_MODULES = YES;
				CLANG_ENABLE_OBJC_ARC = YES;
				CLANG_WARN_BOOL_CONVERSION = YES;
				CLANG_WARN_CONSTANT_CONVERSION = YES;
				CLANG_WARN_DIRECT_OBJC_ISA_USAGE = YES_ERROR;
				CLANG_WARN_EMPTY_BODY = YES;
				CLANG_WARN_ENUM_CONVERSION = YES;
				CLANG_WARN_INT_CONVERSION = YES;
				CLANG_WARN_OBJC_ROOT_CLASS = YES_ERROR;
				CLANG_WARN_UNREACHABLE_CODE = YES;
				CLANG_WARN__DUPLICATE_METHOD_MATCH = YES;
				"CODE_SIGN_IDENTITY[sdk=iphoneos*]" = "iPhone Developer";
				COPY_PHASE_STRIP = NO;
				DEBUG_INFORMATION_FORMAT = "dwarf-with-dsym";
				ENABLE_NS_ASSERTIONS = NO;
				ENABLE_STRICT_OBJC_MSGSEND = YES;
				GCC_C_LANGUAGE_STANDARD = gnu99;
				GCC_NO_COMMON_BLOCKS = YES;
				GCC_WARN_64_TO_32_BIT_CONVERSION = YES;
				GCC_WARN_ABOUT_RETURN_TYPE = YES_ERROR;
				GCC_WARN_UNDECLARED_SELECTOR = YES;
				GCC_WARN_UNINITIALIZED_AUTOS = YES_AGGRESSIVE;
				GCC_WARN_UNUSED_FUNCTION = YES;
				GCC_WARN_UNUSED_VARIABLE = YES;
				IPHONEOS_DEPLOYMENT_TARGET = 9.3;
				MTL_ENABLE_DEBUG_INFO = NO;
				SDKROOT = iphoneos;
				TARGETED_DEVICE_FAMILY = "1,2";
				VALIDATE_PRODUCT = YES;
			};
			name = Release;
		};
		6A3D76AE1D5FA182007B5499 /* Debug */ = {
			isa = XCBuildConfiguration;
			buildSettings = {
				ASSETCATALOG_COMPILER_APPICON_NAME = AppIcon;
				INFOPLIST_FILE = "pokedex-by-Khoi/Info.plist";
				LD_RUNPATH_SEARCH_PATHS = "$(inherited) @executable_path/Frameworks";
				PRODUCT_BUNDLE_IDENTIFIER = "KhoiNguyen.pokedex-by-Khoi";
				PRODUCT_NAME = "$(TARGET_NAME)";
			};
			name = Debug;
		};
		6A3D76AF1D5FA182007B5499 /* Release */ = {
			isa = XCBuildConfiguration;
			buildSettings = {
				ASSETCATALOG_COMPILER_APPICON_NAME = AppIcon;
				INFOPLIST_FILE = "pokedex-by-Khoi/Info.plist";
				LD_RUNPATH_SEARCH_PATHS = "$(inherited) @executable_path/Frameworks";
				PRODUCT_BUNDLE_IDENTIFIER = "KhoiNguyen.pokedex-by-Khoi";
				PRODUCT_NAME = "$(TARGET_NAME)";
			};
			name = Release;
		};
/* End XCBuildConfiguration section */

/* Begin XCConfigurationList section */
		6A3D76961D5FA182007B5499 /* Build configuration list for PBXProject "pokedex-by-Khoi" */ = {
			isa = XCConfigurationList;
			buildConfigurations = (
				6A3D76AB1D5FA182007B5499 /* Debug */,
				6A3D76AC1D5FA182007B5499 /* Release */,
			);
			defaultConfigurationIsVisible = 0;
			defaultConfigurationName = Release;
		};
		6A3D76AD1D5FA182007B5499 /* Build configuration list for PBXNativeTarget "pokedex-by-Khoi" */ = {
			isa = XCConfigurationList;
			buildConfigurations = (
				6A3D76AE1D5FA182007B5499 /* Debug */,
				6A3D76AF1D5FA182007B5499 /* Release */,
			);
			defaultConfigurationIsVisible = 0;
		};
/* End XCConfigurationList section */
	};
	rootObject = 6A3D76931D5FA182007B5499 /* Project object */;
}
